
Microsoft Visual Studio Solution File, Format Version 11.00
# Visual Studio 2010
Project("{FAE04EC0-301F-11D3-BF4B-00C04F79EFBC}") = "Zenject", "Zenject.csproj", "{8cbd42fe-3d99-ce5f-18e0-b41bdb5ebf81}"
EndProject
Project("{FAE04EC0-301F-11D3-BF4B-00C04F79EFBC}") = "Zenject-IntegrationTests-Editor", "Zenject-IntegrationTests-Editor.csproj", "{0af50b04-ea8f-e803-5b6b-bc7c94f2fb39}"
EndProject
Project("{FAE04EC0-301F-11D3-BF4B-00C04F79EFBC}") = "Zenject-IntegrationTests", "Zenject-IntegrationTests.csproj", "{cb95df2b-bff9-b91b-2369-2e9a9319ae91}"
EndProject
Project("{FAE04EC0-301F-11D3-BF4B-00C04F79EFBC}") = "Assembly-CSharp", "Assembly-CSharp.csproj", "{14f4774b-499f-1dfb-c060-ad7348dc3f61}"
EndProject
Project("{FAE04EC0-301F-11D3-BF4B-00C04F79EFBC}") = "Sirenix.OdinInspector.CompatibilityLayer", "Sirenix.OdinInspector.CompatibilityLayer.csproj", "{b754e363-95f8-8a23-f3e1-83ac2b4fb6eb}"
EndProject
Project("{FAE04EC0-301F-11D3-BF4B-00C04F79EFBC}") = "Zenject-PoolMonitor-Editor", "Zenject-PoolMonitor-Editor.csproj", "{d0857af9-7615-cb66-6ab7-d97861852e28}"
EndProject
Project("{FAE04EC0-301F-11D3-BF4B-00C04F79EFBC}") = "Zenject-UnitTests-Editor", "Zenject-UnitTests-Editor.csproj", "{47081761-018c-3bd2-0cb4-50ae8f45d4a2}"
EndProject
Project("{FAE04EC0-301F-11D3-BF4B-00C04F79EFBC}") = "Zenject-ReflectionBaking-Editor", "Zenject-ReflectionBaking-Editor.csproj", "{3a12d57b-8e10-a6fb-5ca4-790eeb1caa26}"
EndProject
Project("{FAE04EC0-301F-11D3-BF4B-00C04F79EFBC}") = "Sirenix.OdinInspector.CompatibilityLayer.Editor", "Sirenix.OdinInspector.CompatibilityLayer.Editor.csproj", "{56eefc83-89e3-54a8-d951-f2ef5a2c52f1}"
EndProject
Project("{FAE04EC0-301F-11D3-BF4B-00C04F79EFBC}") = "Zenject-TestFramework", "Zenject-TestFramework.csproj", "{29d0d478-369f-e3b6-7f3d-311c0cf93ee8}"
EndProject
Project("{FAE04EC0-301F-11D3-BF4B-00C04F79EFBC}") = "Zenject-Editor", "Zenject-Editor.csproj", "{3176843a-ee5f-2fcc-a515-b638ecf67278}"
EndProject
Project("{FAE04EC0-301F-11D3-BF4B-00C04F79EFBC}") = "Assembly-CSharp-firstpass", "Assembly-CSharp-firstpass.csproj", "{853f190b-f477-6e56-bbc1-bf28420f5e66}"
EndProject
Project("{FAE04EC0-301F-11D3-BF4B-00C04F79EFBC}") = "Assembly-CSharp-Editor-firstpass", "Assembly-CSharp-Editor-firstpass.csproj", "{deaf196e-364d-cddd-fd0d-160e4b86fa17}"
EndProject
Global
	GlobalSection(SolutionConfigurationPlatforms) = preSolution
		Debug|Any CPU = Debug|Any CPU
	EndGlobalSection
	GlobalSection(ProjectConfigurationPlatforms) = postSolution
		{8cbd42fe-3d99-ce5f-18e0-b41bdb5ebf81}.Debug|Any CPU.ActiveCfg = Debug|Any CPU
		{8cbd42fe-3d99-ce5f-18e0-b41bdb5ebf81}.Debug|Any CPU.Build.0 = Debug|Any CPU
		{0af50b04-ea8f-e803-5b6b-bc7c94f2fb39}.Debug|Any CPU.ActiveCfg = Debug|Any CPU
		{0af50b04-ea8f-e803-5b6b-bc7c94f2fb39}.Debug|Any CPU.Build.0 = Debug|Any CPU
		{cb95df2b-bff9-b91b-2369-2e9a9319ae91}.Debug|Any CPU.ActiveCfg = Debug|Any CPU
		{cb95df2b-bff9-b91b-2369-2e9a9319ae91}.Debug|Any CPU.Build.0 = Debug|Any CPU
		{14f4774b-499f-1dfb-c060-ad7348dc3f61}.Debug|Any CPU.ActiveCfg = Debug|Any CPU
		{14f4774b-499f-1dfb-c060-ad7348dc3f61}.Debug|Any CPU.Build.0 = Debug|Any CPU
		{b754e363-95f8-8a23-f3e1-83ac2b4fb6eb}.Debug|Any CPU.ActiveCfg = Debug|Any CPU
		{b754e363-95f8-8a23-f3e1-83ac2b4fb6eb}.Debug|Any CPU.Build.0 = Debug|Any CPU
		{d0857af9-7615-cb66-6ab7-d97861852e28}.Debug|Any CPU.ActiveCfg = Debug|Any CPU
		{d0857af9-7615-cb66-6ab7-d97861852e28}.Debug|Any CPU.Build.0 = Debug|Any CPU
		{47081761-018c-3bd2-0cb4-50ae8f45d4a2}.Debug|Any CPU.ActiveCfg = Debug|Any CPU
		{47081761-018c-3bd2-0cb4-50ae8f45d4a2}.Debug|Any CPU.Build.0 = Debug|Any CPU
		{3a12d57b-8e10-a6fb-5ca4-790eeb1caa26}.Debug|Any CPU.ActiveCfg = Debug|Any CPU
		{3a12d57b-8e10-a6fb-5ca4-790eeb1caa26}.Debug|Any CPU.Build.0 = Debug|Any CPU
		{56eefc83-89e3-54a8-d951-f2ef5a2c52f1}.Debug|Any CPU.ActiveCfg = Debug|Any CPU
		{56eefc83-89e3-54a8-d951-f2ef5a2c52f1}.Debug|Any CPU.Build.0 = Debug|Any CPU
		{29d0d478-369f-e3b6-7f3d-311c0cf93ee8}.Debug|Any CPU.ActiveCfg = Debug|Any CPU
		{29d0d478-369f-e3b6-7f3d-311c0cf93ee8}.Debug|Any CPU.Build.0 = Debug|Any CPU
		{3176843a-ee5f-2fcc-a515-b638ecf67278}.Debug|Any CPU.ActiveCfg = Debug|Any CPU
		{3176843a-ee5f-2fcc-a515-b638ecf67278}.Debug|Any CPU.Build.0 = Debug|Any CPU
		{853f190b-f477-6e56-bbc1-bf28420f5e66}.Debug|Any CPU.ActiveCfg = Debug|Any CPU
		{853f190b-f477-6e56-bbc1-bf28420f5e66}.Debug|Any CPU.Build.0 = Debug|Any CPU
		{deaf196e-364d-cddd-fd0d-160e4b86fa17}.Debug|Any CPU.ActiveCfg = Debug|Any CPU
		{deaf196e-364d-cddd-fd0d-160e4b86fa17}.Debug|Any CPU.Build.0 = Debug|Any CPU
	EndGlobalSection
	GlobalSection(SolutionProperties) = preSolution
		HideSolutionNode = FALSE
	EndGlobalSection
EndGlobal
